
Microsoft Visual Studio Solution File, Format Version 12.00
# Visual Studio 15
VisualStudioVersion = 15.0.28307.902
MinimumVisualStudioVersion = 10.0.40219.1
Project("{FAE04EC0-301F-11D3-BF4B-00C04F79EFBC}") = "MVCLogin", "MVCLogin\MVCLogin.csproj", "{72223987-DD8B-4D23-9144-0A4B7FF2ABEA}"
EndProject
Global
	GlobalSection(SolutionConfigurationPlatforms) = preSolution
		Debug|Any CPU = Debug|Any CPU
		Release|Any CPU = Release|Any CPU
	EndGlobalSection
	GlobalSection(ProjectConfigurationPlatforms) = postSolution
		{72223987-DD8B-4D23-9144-0A4B7FF2ABEA}.Debug|Any CPU.ActiveCfg = Debug|Any CPU
		{72223987-DD8B-4D23-9144-0A4B7FF2ABEA}.Debug|Any CPU.Build.0 = Debug|Any CPU
		{72223987-DD8B-4D23-9144-0A4B7FF2ABEA}.Release|Any CPU.ActiveCfg = Release|Any CPU
		{72223987-DD8B-4D23-9144-0A4B7FF2ABEA}.Release|Any CPU.Build.0 = Release|Any CPU
	EndGlobalSection
	GlobalSection(SolutionProperties) = preSolution
		HideSolutionNode = FALSE
	EndGlobalSection
	GlobalSection(ExtensibilityGlobals) = postSolution
		SolutionGuid = {3A26C1BA-664C-4A57-A9E1-DA925373048A}
	EndGlobalSection
EndGlobal
